{
  "version": 4,
  "terraform_version": "1.9.8",
  "serial": 4,
  "lineage": "4e60a834-aa1e-ce9f-5c98-edccba1a404d",
  "outputs": {},
  "resources": [
    {
      "mode": "managed",
      "type": "aws_instance",
      "name": "demo-instance",
      "provider": "provider[\"registry.terraform.io/hashicorp/aws\"]",
      "instances": [
        {
          "schema_version": 1,
          "attributes": {
            "ami": "ami-04b6019d38ea93034",
            "arn": "arn:aws:ec2:ap-southeast-1:654654352091:instance/i-09a62e022d571211f",
            "associate_public_ip_address": true,
            "availability_zone": "ap-southeast-1a",
            "capacity_reservation_specification": [
              {
                "capacity_reservation_preference": "open",
                "capacity_reservation_target": []
              }
            ],
            "cpu_core_count": 1,
            "cpu_options": [
              {
                "amd_sev_snp": "",
                "core_count": 1,
                "threads_per_core": 1
              }
            ],
            "cpu_threads_per_core": 1,
            "credit_specification": [
              {
                "cpu_credits": "standard"
              }
            ],
            "disable_api_stop": false,
            "disable_api_termination": false,
            "ebs_block_device": [],
            "ebs_optimized": false,
            "enclave_options": [
              {
                "enabled": false
              }
            ],
            "ephemeral_block_device": [],
            "get_password_data": false,
            "hibernation": false,
            "host_id": "",
            "host_resource_group_arn": null,
            "iam_instance_profile": "",
            "id": "i-09a62e022d571211f",
            "instance_initiated_shutdown_behavior": "stop",
            "instance_lifecycle": "",
            "instance_market_options": [],
            "instance_state": "running",
            "instance_type": "t2.micro",
            "ipv6_address_count": 0,
            "ipv6_addresses": [],
            "key_name": "udemy-keypair",
            "launch_template": [],
            "maintenance_options": [
              {
                "auto_recovery": "default"
              }
            ],
            "metadata_options": [
              {
                "http_endpoint": "enabled",
                "http_protocol_ipv6": "disabled",
                "http_put_response_hop_limit": 2,
                "http_tokens": "required",
                "instance_metadata_tags": "disabled"
              }
            ],
            "monitoring": false,
            "network_interface": [],
            "outpost_arn": "",
            "password_data": "",
            "placement_group": "",
            "placement_partition_number": 0,
            "primary_network_interface_id": "eni-080229a5823f834cb",
            "private_dns": "ip-172-31-25-59.ap-southeast-1.compute.internal",
            "private_dns_name_options": [
              {
                "enable_resource_name_dns_a_record": false,
                "enable_resource_name_dns_aaaa_record": false,
                "hostname_type": "ip-name"
              }
            ],
            "private_ip": "172.31.25.59",
            "public_dns": "ec2-18-140-72-183.ap-southeast-1.compute.amazonaws.com",
            "public_ip": "18.140.72.183",
            "root_block_device": [
              {
                "delete_on_termination": true,
                "device_name": "/dev/xvda",
                "encrypted": false,
                "iops": 3000,
                "kms_key_id": "",
                "tags": {},
                "tags_all": {},
                "throughput": 125,
                "volume_id": "vol-0317d2280c4d9f9c9",
                "volume_size": 8,
                "volume_type": "gp3"
              }
            ],
            "secondary_private_ips": [],
            "security_groups": [
              "test-security-group"
            ],
            "source_dest_check": true,
            "spot_instance_request_id": "",
            "subnet_id": "subnet-0cc876b5f3093590f",
            "tags": {
              "Name": "Udemy Demo"
            },
            "tags_all": {
              "Name": "Udemy Demo"
            },
            "tenancy": "default",
            "timeouts": null,
            "user_data": null,
            "user_data_base64": null,
            "user_data_replace_on_change": false,
            "volume_tags": null,
            "vpc_security_group_ids": [
              "sg-053fdb1a79148d6f0"
            ]
          },
          "sensitive_attributes": [],
          "private": "eyJlMmJmYjczMC1lY2FhLTExZTYtOGY4OC0zNDM2M2JjN2M0YzAiOnsiY3JlYXRlIjo2MDAwMDAwMDAwMDAsImRlbGV0ZSI6MTIwMDAwMDAwMDAwMCwicmVhZCI6OTAwMDAwMDAwMDAwLCJ1cGRhdGUiOjYwMDAwMDAwMDAwMH0sInNjaGVtYV92ZXJzaW9uIjoiMSJ9",
          "dependencies": [
            "aws_key_pair.udemy-keypair",
            "aws_security_group.test-security-group"
          ]
        }
      ]
    },
    {
      "mode": "managed",
      "type": "aws_key_pair",
      "name": "udemy-keypair",
      "provider": "provider[\"registry.terraform.io/hashicorp/aws\"]",
      "instances": [
        {
          "schema_version": 1,
          "attributes": {
            "arn": "arn:aws:ec2:ap-southeast-1:654654352091:key-pair/udemy-keypair",
            "fingerprint": "58:e4:69:b5:6a:73:78:7a:35:71:87:e4:b8:39:e6:8e",
            "id": "udemy-keypair",
            "key_name": "udemy-keypair",
            "key_name_prefix": "",
            "key_pair_id": "key-0b7e71b6e55175d2c",
            "key_type": "rsa",
            "public_key": "ssh-rsa AAAAB3NzaC1yc2EAAAADAQABAAACAQDOhqks6AG992k17yHrbbOeJPX10ldvEwESNoKcUahYVrj5N59LNGruftJ5OOGjKgAyyT95i+YIxNR3fU51+Dt+dkTKvInqEiWXlBJjeENzqucaLsZUILTQDCwYCnppSysRTU0fmI1Y3yOIA5TcWR0rsXl5t3fn0cLrOsKLnqT+Lo4ChOtrCj0EPKzLdo1H7kQbpJLAuq6eGC85cdnn3xz86zak2WXw4HG+IHHzK2QFIXTkpR+XGqnVk+QMA6csnqwo72np3JhvlV3Ia4yORM55AAvnFe7Qq+J+sh3cKkjwkLMGCA6OAmfkzOBc1XkLHedW+Gn90lB46t7JHuCuNm8kdeDtTd5bt4uK9nXiUL9JJGaAOT6eOa4Dx0ASci59Crcw19T5QXMAfBUlK7u/tXXCmZ4E1oyCfVwnJyR9dwxp1QeeeCz8s7SJJpiJIxgQO7uVOwpel5dLIu6pM255hOfU4T2pdQ+SynNQOg1GQDrGyuNPCUUNlZTV9xfNlLnq/KSeF74fMICaj1D5HqVaPwnN2EZOTV1nmn2MrvgG2CVTrC1mBniwNHWbnlVi4RS1ceHDKdZtgboLy4KdJr9wMlRRFxbqpQqaaHpyHE5IaGc0ZzmKADpJQEceQ2Pd4CK8l6p+4GICwateyGhBxQeeV8tyvrYJdMd6IL/e1SqSyTFxoQ== vuvantuu.gl@gmail.com",
            "tags": null,
            "tags_all": {}
          },
          "sensitive_attributes": [],
          "private": "eyJzY2hlbWFfdmVyc2lvbiI6IjEifQ=="
        }
      ]
    },
    {
      "mode": "managed",
      "type": "aws_security_group",
      "name": "test-security-group",
      "provider": "provider[\"registry.terraform.io/hashicorp/aws\"]",
      "instances": [
        {
          "schema_version": 1,
          "attributes": {
            "arn": "arn:aws:ec2:ap-southeast-1:654654352091:security-group/sg-053fdb1a79148d6f0",
            "description": "test-security-group",
            "egress": [
              {
                "cidr_blocks": [
                  "0.0.0.0/0"
                ],
                "description": "",
                "from_port": 0,
                "ipv6_cidr_blocks": [],
                "prefix_list_ids": [],
                "protocol": "-1",
                "security_groups": [],
                "self": false,
                "to_port": 0
              }
            ],
            "id": "sg-053fdb1a79148d6f0",
            "ingress": [
              {
                "cidr_blocks": [
                  "0.0.0.0/0"
                ],
                "description": "",
                "from_port": 22,
                "ipv6_cidr_blocks": [],
                "prefix_list_ids": [],
                "protocol": "tcp",
                "security_groups": [],
                "self": false,
                "to_port": 22
              },
              {
                "cidr_blocks": [
                  "0.0.0.0/0"
                ],
                "description": "",
                "from_port": 443,
                "ipv6_cidr_blocks": [],
                "prefix_list_ids": [],
                "protocol": "tcp",
                "security_groups": [],
                "self": false,
                "to_port": 443
              },
              {
                "cidr_blocks": [
                  "0.0.0.0/0"
                ],
                "description": "",
                "from_port": 80,
                "ipv6_cidr_blocks": [],
                "prefix_list_ids": [],
                "protocol": "tcp",
                "security_groups": [],
                "self": false,
                "to_port": 80
              }
            ],
            "name": "test-security-group",
            "name_prefix": "",
            "owner_id": "654654352091",
            "revoke_rules_on_delete": false,
            "tags": null,
            "tags_all": {},
            "timeouts": null,
            "vpc_id": "vpc-05a067cb323d15113"
          },
          "sensitive_attributes": [],
          "private": "eyJlMmJmYjczMC1lY2FhLTExZTYtOGY4OC0zNDM2M2JjN2M0YzAiOnsiY3JlYXRlIjo2MDAwMDAwMDAwMDAsImRlbGV0ZSI6OTAwMDAwMDAwMDAwfSwic2NoZW1hX3ZlcnNpb24iOiIxIn0="
        }
      ]
    }
  ],
  "check_results": null
}
